
Microsoft Visual Studio Solution File, Format Version 12.00
# Visual Studio Version 16
VisualStudioVersion = 16.0.30503.244
MinimumVisualStudioVersion = 10.0.40219.1
Project("{9A19103F-16F7-4668-BE54-9A1E7A4F7556}") = "myProject", "myProject\myProject.csproj", "{89301E48-107C-4066-8D6F-1307D82C5102}"
EndProject
Project("{FAE04EC0-301F-11D3-BF4B-00C04F79EFBC}") = "algorithm", "algorithm\algorithm.csproj", "{D117330B-96E7-4464-8B65-584D27C3E5B4}"
EndProject
Project("{FAE04EC0-301F-11D3-BF4B-00C04F79EFBC}") = "readAndWriteData", "readAndWriteData\readAndWriteData.csproj", "{5A79C713-4BE0-4C63-A2EA-B97BB353A110}"
EndProject
Global
	GlobalSection(SolutionConfigurationPlatforms) = preSolution
		Debug|Any CPU = Debug|Any CPU
		Release|Any CPU = Release|Any CPU
	EndGlobalSection
	GlobalSection(ProjectConfigurationPlatforms) = postSolution
		{89301E48-107C-4066-8D6F-1307D82C5102}.Debug|Any CPU.ActiveCfg = Debug|Any CPU
		{89301E48-107C-4066-8D6F-1307D82C5102}.Debug|Any CPU.Build.0 = Debug|Any CPU
		{89301E48-107C-4066-8D6F-1307D82C5102}.Release|Any CPU.ActiveCfg = Release|Any CPU
		{89301E48-107C-4066-8D6F-1307D82C5102}.Release|Any CPU.Build.0 = Release|Any CPU
		{D117330B-96E7-4464-8B65-584D27C3E5B4}.Debug|Any CPU.ActiveCfg = Debug|Any CPU
		{D117330B-96E7-4464-8B65-584D27C3E5B4}.Debug|Any CPU.Build.0 = Debug|Any CPU
		{D117330B-96E7-4464-8B65-584D27C3E5B4}.Release|Any CPU.ActiveCfg = Release|Any CPU
		{D117330B-96E7-4464-8B65-584D27C3E5B4}.Release|Any CPU.Build.0 = Release|Any CPU
		{5A79C713-4BE0-4C63-A2EA-B97BB353A110}.Debug|Any CPU.ActiveCfg = Debug|Any CPU
		{5A79C713-4BE0-4C63-A2EA-B97BB353A110}.Debug|Any CPU.Build.0 = Debug|Any CPU
		{5A79C713-4BE0-4C63-A2EA-B97BB353A110}.Release|Any CPU.ActiveCfg = Release|Any CPU
		{5A79C713-4BE0-4C63-A2EA-B97BB353A110}.Release|Any CPU.Build.0 = Release|Any CPU
	EndGlobalSection
	GlobalSection(SolutionProperties) = preSolution
		HideSolutionNode = FALSE
	EndGlobalSection
	GlobalSection(ExtensibilityGlobals) = postSolution
		SolutionGuid = {62B4560B-281F-46B9-A9C6-D844DC1D1017}
	EndGlobalSection
EndGlobal
